
Microsoft Visual Studio Solution File, Format Version 12.00
# Visual Studio Version 16
VisualStudioVersion = 16.0.29326.143
MinimumVisualStudioVersion = 10.0.40219.1
Project("{FAE04EC0-301F-11D3-BF4B-00C04F79EFBC}") = "testtest", "testtest\testtest.csproj", "{33F62B25-D484-49E1-B244-BF54567CFF12}"
EndProject
Global
	GlobalSection(SolutionConfigurationPlatforms) = preSolution
		Debug|Any CPU = Debug|Any CPU
		Release|Any CPU = Release|Any CPU
	EndGlobalSection
	GlobalSection(ProjectConfigurationPlatforms) = postSolution
		{33F62B25-D484-49E1-B244-BF54567CFF12}.Debug|Any CPU.ActiveCfg = Debug|Any CPU
		{33F62B25-D484-49E1-B244-BF54567CFF12}.Debug|Any CPU.Build.0 = Debug|Any CPU
		{33F62B25-D484-49E1-B244-BF54567CFF12}.Release|Any CPU.ActiveCfg = Release|Any CPU
		{33F62B25-D484-49E1-B244-BF54567CFF12}.Release|Any CPU.Build.0 = Release|Any CPU
	EndGlobalSection
	GlobalSection(SolutionProperties) = preSolution
		HideSolutionNode = FALSE
	EndGlobalSection
	GlobalSection(ExtensibilityGlobals) = postSolution
		SolutionGuid = {1732949C-9191-46D1-8AD3-1E110C2A94CB}
	EndGlobalSection
EndGlobal
